{
    "name": "prototty-terminal-js",
    "version": "0.5.2",
    "lockfileVersion": 1,
    "requires": true,
    "dependencies": {
        "immediate": {
            "version": "3.0.6",
            "resolved": "https://registry.npmjs.org/immediate/-/immediate-3.0.6.tgz",
            "integrity": "sha1-nbHb0Pr43m++D13V5Wu2BigN5ps="
        },
        "lie": {
            "version": "3.1.1",
            "resolved": "https://registry.npmjs.org/lie/-/lie-3.1.1.tgz",
            "integrity": "sha1-mkNrLMd0bKWd56QfpGmz77dr2H4=",
            "requires": {
                "immediate": "3.0.6"
            }
        },
        "localforage": {
            "version": "1.5.6",
            "resolved": "https://registry.npmjs.org/localforage/-/localforage-1.5.6.tgz",
            "integrity": "sha1-0DTRXlNy7pfGQXPpqa65aBX13QY=",
            "requires": {
                "lie": "3.1.1"
            }
        }
    }
}
